
Microsoft Visual Studio Solution File, Format Version 12.00
# Visual Studio Version 17
VisualStudioVersion = 17.10.35013.160
MinimumVisualStudioVersion = 10.0.40219.1
Project("{8BC9CEB8-8B4A-11D0-8D11-00A0C91BC942}") = "Héritage", "Héritage.vcxproj", "{3D88361C-3DEB-4621-889C-F60D908F2AC3}"
EndProject
Global
	GlobalSection(SolutionConfigurationPlatforms) = preSolution
		Debug|x64 = Debug|x64
		Debug|x86 = Debug|x86
		Release|x64 = Release|x64
		Release|x86 = Release|x86
	EndGlobalSection
	GlobalSection(ProjectConfigurationPlatforms) = postSolution
		{3D88361C-3DEB-4621-889C-F60D908F2AC3}.Debug|x64.ActiveCfg = Debug|x64
		{3D88361C-3DEB-4621-889C-F60D908F2AC3}.Debug|x64.Build.0 = Debug|x64
		{3D88361C-3DEB-4621-889C-F60D908F2AC3}.Debug|x86.ActiveCfg = Debug|Win32
		{3D88361C-3DEB-4621-889C-F60D908F2AC3}.Debug|x86.Build.0 = Debug|Win32
		{3D88361C-3DEB-4621-889C-F60D908F2AC3}.Release|x64.ActiveCfg = Release|x64
		{3D88361C-3DEB-4621-889C-F60D908F2AC3}.Release|x64.Build.0 = Release|x64
		{3D88361C-3DEB-4621-889C-F60D908F2AC3}.Release|x86.ActiveCfg = Release|Win32
		{3D88361C-3DEB-4621-889C-F60D908F2AC3}.Release|x86.Build.0 = Release|Win32
	EndGlobalSection
	GlobalSection(SolutionProperties) = preSolution
		HideSolutionNode = FALSE
	EndGlobalSection
	GlobalSection(ExtensibilityGlobals) = postSolution
		SolutionGuid = {D5E4433B-6946-4CCE-BA3D-A08D60820743}
	EndGlobalSection
EndGlobal
